
Microsoft Visual Studio Solution File, Format Version 12.00
# Visual Studio Version 16
VisualStudioVersion = 16.0.29306.81
MinimumVisualStudioVersion = 10.0.40219.1
Project("{FAE04EC0-301F-11D3-BF4B-00C04F79EFBC}") = "EagleLife", "EagleLife.csproj", "{BAA0311B-A9C1-4D11-96AE-D854F5E7E6DE}"
EndProject
Global
	GlobalSection(SolutionConfigurationPlatforms) = preSolution
		Debug|Any CPU = Debug|Any CPU
		Release|Any CPU = Release|Any CPU
	EndGlobalSection
	GlobalSection(ProjectConfigurationPlatforms) = postSolution
		{BAA0311B-A9C1-4D11-96AE-D854F5E7E6DE}.Debug|Any CPU.ActiveCfg = Debug|Any CPU
		{BAA0311B-A9C1-4D11-96AE-D854F5E7E6DE}.Debug|Any CPU.Build.0 = Debug|Any CPU
		{BAA0311B-A9C1-4D11-96AE-D854F5E7E6DE}.Release|Any CPU.ActiveCfg = Release|Any CPU
		{BAA0311B-A9C1-4D11-96AE-D854F5E7E6DE}.Release|Any CPU.Build.0 = Release|Any CPU
	EndGlobalSection
	GlobalSection(SolutionProperties) = preSolution
		HideSolutionNode = FALSE
	EndGlobalSection
	GlobalSection(ExtensibilityGlobals) = postSolution
		SolutionGuid = {69A3D8B3-1DC3-4D94-BC18-16CB42CF6CFE}
	EndGlobalSection
EndGlobal
